
Microsoft Visual Studio Solution File, Format Version 12.00
# Visual Studio Version 17
VisualStudioVersion = 17.6.33723.286
MinimumVisualStudioVersion = 10.0.40219.1
Project("{FAE04EC0-301F-11D3-BF4B-00C04F79EFBC}") = "ServerAPI", "ServerAPI\ServerAPI.csproj", "{44420061-F072-4DBB-8FCA-C5BCBD6054BD}"
EndProject
Global
	GlobalSection(SolutionConfigurationPlatforms) = preSolution
		Debug|Any CPU = Debug|Any CPU
		Release|Any CPU = Release|Any CPU
	EndGlobalSection
	GlobalSection(ProjectConfigurationPlatforms) = postSolution
		{44420061-F072-4DBB-8FCA-C5BCBD6054BD}.Debug|Any CPU.ActiveCfg = Debug|Any CPU
		{44420061-F072-4DBB-8FCA-C5BCBD6054BD}.Debug|Any CPU.Build.0 = Debug|Any CPU
		{44420061-F072-4DBB-8FCA-C5BCBD6054BD}.Release|Any CPU.ActiveCfg = Release|Any CPU
		{44420061-F072-4DBB-8FCA-C5BCBD6054BD}.Release|Any CPU.Build.0 = Release|Any CPU
	EndGlobalSection
	GlobalSection(SolutionProperties) = preSolution
		HideSolutionNode = FALSE
	EndGlobalSection
	GlobalSection(ExtensibilityGlobals) = postSolution
		SolutionGuid = {4DC93F9B-8056-4D66-B4A3-2D36CF51E1B8}
	EndGlobalSection
EndGlobal
