
Microsoft Visual Studio Solution File, Format Version 12.00
# Visual Studio Version 17
VisualStudioVersion = 17.6.33723.286
MinimumVisualStudioVersion = 10.0.40219.1
Project("{9A19103F-16F7-4668-BE54-9A1E7A4F7556}") = "ServerAPI", "ServerAPI\ServerAPI.csproj", "{44420061-F072-4DBB-8FCA-C5BCBD6054BD}"
EndProject
Project("{9A19103F-16F7-4668-BE54-9A1E7A4F7556}") = "BusinessObject", "BusinessObject\BusinessObject.csproj", "{B56BB92A-0499-4DFD-B93C-522CFA5EB1E2}"
EndProject
Project("{9A19103F-16F7-4668-BE54-9A1E7A4F7556}") = "DataAccess", "DataAccess\DataAccess.csproj", "{3417882F-6DD4-426E-B484-10272F6DCFBD}"
EndProject
Project("{9A19103F-16F7-4668-BE54-9A1E7A4F7556}") = "DTOs", "DTOs\DTOs.csproj", "{FEEBE93D-A03E-48A4-88D5-6882DC4EAA7F}"
EndProject
Project("{FAE04EC0-301F-11D3-BF4B-00C04F79EFBC}") = "RealTimeServerAPI", "RealTimeServerAPI\RealTimeServerAPI.csproj", "{B84ED7C3-9981-433A-9A8A-F08B368D0C38}"
EndProject
Global
	GlobalSection(SolutionConfigurationPlatforms) = preSolution
		Debug|Any CPU = Debug|Any CPU
		Release|Any CPU = Release|Any CPU
	EndGlobalSection
	GlobalSection(ProjectConfigurationPlatforms) = postSolution
		{44420061-F072-4DBB-8FCA-C5BCBD6054BD}.Debug|Any CPU.ActiveCfg = Debug|Any CPU
		{44420061-F072-4DBB-8FCA-C5BCBD6054BD}.Debug|Any CPU.Build.0 = Debug|Any CPU
		{44420061-F072-4DBB-8FCA-C5BCBD6054BD}.Release|Any CPU.ActiveCfg = Release|Any CPU
		{44420061-F072-4DBB-8FCA-C5BCBD6054BD}.Release|Any CPU.Build.0 = Release|Any CPU
		{B56BB92A-0499-4DFD-B93C-522CFA5EB1E2}.Debug|Any CPU.ActiveCfg = Debug|Any CPU
		{B56BB92A-0499-4DFD-B93C-522CFA5EB1E2}.Debug|Any CPU.Build.0 = Debug|Any CPU
		{B56BB92A-0499-4DFD-B93C-522CFA5EB1E2}.Release|Any CPU.ActiveCfg = Release|Any CPU
		{B56BB92A-0499-4DFD-B93C-522CFA5EB1E2}.Release|Any CPU.Build.0 = Release|Any CPU
		{3417882F-6DD4-426E-B484-10272F6DCFBD}.Debug|Any CPU.ActiveCfg = Debug|Any CPU
		{3417882F-6DD4-426E-B484-10272F6DCFBD}.Debug|Any CPU.Build.0 = Debug|Any CPU
		{3417882F-6DD4-426E-B484-10272F6DCFBD}.Release|Any CPU.ActiveCfg = Release|Any CPU
		{3417882F-6DD4-426E-B484-10272F6DCFBD}.Release|Any CPU.Build.0 = Release|Any CPU
		{FEEBE93D-A03E-48A4-88D5-6882DC4EAA7F}.Debug|Any CPU.ActiveCfg = Debug|Any CPU
		{FEEBE93D-A03E-48A4-88D5-6882DC4EAA7F}.Debug|Any CPU.Build.0 = Debug|Any CPU
		{FEEBE93D-A03E-48A4-88D5-6882DC4EAA7F}.Release|Any CPU.ActiveCfg = Release|Any CPU
		{FEEBE93D-A03E-48A4-88D5-6882DC4EAA7F}.Release|Any CPU.Build.0 = Release|Any CPU
		{B84ED7C3-9981-433A-9A8A-F08B368D0C38}.Debug|Any CPU.ActiveCfg = Debug|Any CPU
		{B84ED7C3-9981-433A-9A8A-F08B368D0C38}.Debug|Any CPU.Build.0 = Debug|Any CPU
		{B84ED7C3-9981-433A-9A8A-F08B368D0C38}.Release|Any CPU.ActiveCfg = Release|Any CPU
		{B84ED7C3-9981-433A-9A8A-F08B368D0C38}.Release|Any CPU.Build.0 = Release|Any CPU
	EndGlobalSection
	GlobalSection(SolutionProperties) = preSolution
		HideSolutionNode = FALSE
	EndGlobalSection
	GlobalSection(ExtensibilityGlobals) = postSolution
		SolutionGuid = {4DC93F9B-8056-4D66-B4A3-2D36CF51E1B8}
	EndGlobalSection
EndGlobal
